
Microsoft Visual Studio Solution File, Format Version 12.00
# Visual Studio Version 17
VisualStudioVersion = 17.7.34024.191
MinimumVisualStudioVersion = 10.0.40219.1
Project("{FAE04EC0-301F-11D3-BF4B-00C04F79EFBC}") = "BTVN_1", "BTVN_1\BTVN_1.csproj", "{73F32499-7943-47B0-84F7-F4DA4452509A}"
EndProject
Global
	GlobalSection(SolutionConfigurationPlatforms) = preSolution
		Debug|Any CPU = Debug|Any CPU
		Release|Any CPU = Release|Any CPU
	EndGlobalSection
	GlobalSection(ProjectConfigurationPlatforms) = postSolution
		{73F32499-7943-47B0-84F7-F4DA4452509A}.Debug|Any CPU.ActiveCfg = Debug|Any CPU
		{73F32499-7943-47B0-84F7-F4DA4452509A}.Debug|Any CPU.Build.0 = Debug|Any CPU
		{73F32499-7943-47B0-84F7-F4DA4452509A}.Release|Any CPU.ActiveCfg = Release|Any CPU
		{73F32499-7943-47B0-84F7-F4DA4452509A}.Release|Any CPU.Build.0 = Release|Any CPU
	EndGlobalSection
	GlobalSection(SolutionProperties) = preSolution
		HideSolutionNode = FALSE
	EndGlobalSection
	GlobalSection(ExtensibilityGlobals) = postSolution
		SolutionGuid = {393D11A5-BE2E-48BC-AADE-0032FA985A0E}
	EndGlobalSection
EndGlobal
